
Microsoft Visual Studio Solution File, Format Version 12.00
# Visual Studio 15
VisualStudioVersion = 15.0.27428.2043
MinimumVisualStudioVersion = 10.0.40219.1
Project("{9A19103F-16F7-4668-BE54-9A1E7A4F7556}") = "WEB_API", "WEB-API\WEB_API.csproj", "{378A16F4-C4B1-4DB3-AEAA-A801F6F278DA}"
EndProject
Project("{2150E333-8FDC-42A3-9474-1A3956D46DE8}") = "Solution Items", "Solution Items", "{571938E0-474B-44F2-B679-E9B69582A647}"
	ProjectSection(SolutionItems) = preProject
		teste.json = teste.json
		tickets.json = tickets.json
	EndProjectSection
EndProject
Project("{9A19103F-16F7-4668-BE54-9A1E7A4F7556}") = "ConsoleApp1", "ConsoleApp1\ConsoleApp1.csproj", "{3E009454-05D8-4372-838A-3E73D531BCD7}"
EndProject
Project("{FAE04EC0-301F-11D3-BF4B-00C04F79EFBC}") = "Util", "Util\Util.csproj", "{53F6BEFA-D098-4406-AE8F-9A8E8EA3BDE4}"
EndProject
Global
	GlobalSection(SolutionConfigurationPlatforms) = preSolution
		Debug|Any CPU = Debug|Any CPU
		Release|Any CPU = Release|Any CPU
	EndGlobalSection
	GlobalSection(ProjectConfigurationPlatforms) = postSolution
		{378A16F4-C4B1-4DB3-AEAA-A801F6F278DA}.Debug|Any CPU.ActiveCfg = Debug|Any CPU
		{378A16F4-C4B1-4DB3-AEAA-A801F6F278DA}.Debug|Any CPU.Build.0 = Debug|Any CPU
		{378A16F4-C4B1-4DB3-AEAA-A801F6F278DA}.Release|Any CPU.ActiveCfg = Release|Any CPU
		{378A16F4-C4B1-4DB3-AEAA-A801F6F278DA}.Release|Any CPU.Build.0 = Release|Any CPU
		{3E009454-05D8-4372-838A-3E73D531BCD7}.Debug|Any CPU.ActiveCfg = Debug|Any CPU
		{3E009454-05D8-4372-838A-3E73D531BCD7}.Debug|Any CPU.Build.0 = Debug|Any CPU
		{3E009454-05D8-4372-838A-3E73D531BCD7}.Release|Any CPU.ActiveCfg = Release|Any CPU
		{3E009454-05D8-4372-838A-3E73D531BCD7}.Release|Any CPU.Build.0 = Release|Any CPU
		{53F6BEFA-D098-4406-AE8F-9A8E8EA3BDE4}.Debug|Any CPU.ActiveCfg = Debug|Any CPU
		{53F6BEFA-D098-4406-AE8F-9A8E8EA3BDE4}.Debug|Any CPU.Build.0 = Debug|Any CPU
		{53F6BEFA-D098-4406-AE8F-9A8E8EA3BDE4}.Release|Any CPU.ActiveCfg = Release|Any CPU
		{53F6BEFA-D098-4406-AE8F-9A8E8EA3BDE4}.Release|Any CPU.Build.0 = Release|Any CPU
	EndGlobalSection
	GlobalSection(SolutionProperties) = preSolution
		HideSolutionNode = FALSE
	EndGlobalSection
	GlobalSection(ExtensibilityGlobals) = postSolution
		SolutionGuid = {400FD867-85FB-420B-BDBF-64147C7A2402}
	EndGlobalSection
EndGlobal
